
Microsoft Visual Studio Solution File, Format Version 12.00
# Visual Studio 2013
VisualStudioVersion = 12.0.21005.1
MinimumVisualStudioVersion = 10.0.40219.1
Project("{FAE04EC0-301F-11D3-BF4B-00C04F79EFBC}") = "UndoRedo.Shapes", "Shapes\UndoRedo.Shapes.csproj", "{D4661CB4-AB62-425B-80C0-2EC5A4E620F7}"
EndProject
Project("{FAE04EC0-301F-11D3-BF4B-00C04F79EFBC}") = "UndoRedo.Tests", "Tests\UndoRedo.Tests.csproj", "{CDEBEEA9-8D7C-49EC-A91D-3C0F8BC759EE}"
EndProject
Global
	GlobalSection(SolutionConfigurationPlatforms) = preSolution
		Debug|Any CPU = Debug|Any CPU
		Release|Any CPU = Release|Any CPU
	EndGlobalSection
	GlobalSection(ProjectConfigurationPlatforms) = postSolution
		{D4661CB4-AB62-425B-80C0-2EC5A4E620F7}.Debug|Any CPU.ActiveCfg = Debug|Any CPU
		{D4661CB4-AB62-425B-80C0-2EC5A4E620F7}.Debug|Any CPU.Build.0 = Debug|Any CPU
		{D4661CB4-AB62-425B-80C0-2EC5A4E620F7}.Release|Any CPU.ActiveCfg = Release|Any CPU
		{D4661CB4-AB62-425B-80C0-2EC5A4E620F7}.Release|Any CPU.Build.0 = Release|Any CPU
		{CDEBEEA9-8D7C-49EC-A91D-3C0F8BC759EE}.Debug|Any CPU.ActiveCfg = Debug|Any CPU
		{CDEBEEA9-8D7C-49EC-A91D-3C0F8BC759EE}.Debug|Any CPU.Build.0 = Debug|Any CPU
		{CDEBEEA9-8D7C-49EC-A91D-3C0F8BC759EE}.Release|Any CPU.ActiveCfg = Release|Any CPU
		{CDEBEEA9-8D7C-49EC-A91D-3C0F8BC759EE}.Release|Any CPU.Build.0 = Release|Any CPU
	EndGlobalSection
	GlobalSection(SolutionProperties) = preSolution
		HideSolutionNode = FALSE
	EndGlobalSection
EndGlobal
